
Microsoft Visual Studio Solution File, Format Version 12.00
# Visual Studio Version 17
VisualStudioVersion = 17.5.33530.505
MinimumVisualStudioVersion = 10.0.40219.1
Project("{FAE04EC0-301F-11D3-BF4B-00C04F79EFBC}") = "Mariam_0522068", "Mariam_0522068\Mariam_0522068.csproj", "{0F4A0558-BA41-4BFA-8E58-27876B936D75}"
EndProject
Global
	GlobalSection(SolutionConfigurationPlatforms) = preSolution
		Debug|Any CPU = Debug|Any CPU
		Release|Any CPU = Release|Any CPU
	EndGlobalSection
	GlobalSection(ProjectConfigurationPlatforms) = postSolution
		{0F4A0558-BA41-4BFA-8E58-27876B936D75}.Debug|Any CPU.ActiveCfg = Debug|Any CPU
		{0F4A0558-BA41-4BFA-8E58-27876B936D75}.Debug|Any CPU.Build.0 = Debug|Any CPU
		{0F4A0558-BA41-4BFA-8E58-27876B936D75}.Release|Any CPU.ActiveCfg = Release|Any CPU
		{0F4A0558-BA41-4BFA-8E58-27876B936D75}.Release|Any CPU.Build.0 = Release|Any CPU
	EndGlobalSection
	GlobalSection(SolutionProperties) = preSolution
		HideSolutionNode = FALSE
	EndGlobalSection
	GlobalSection(ExtensibilityGlobals) = postSolution
		SolutionGuid = {B729BFF7-CABC-426B-9FCE-533AB16582D4}
	EndGlobalSection
EndGlobal
